
Microsoft Visual Studio Solution File, Format Version 12.00
# Visual Studio Version 17
VisualStudioVersion = 17.7.34221.43
MinimumVisualStudioVersion = 10.0.40219.1
Project("{FAE04EC0-301F-11D3-BF4B-00C04F79EFBC}") = "Assignment21-p-2", "Assignment21-p-2\Assignment21-p-2.csproj", "{DEF54D75-9C7D-44EC-99C6-F1239D875332}"
EndProject
Global
	GlobalSection(SolutionConfigurationPlatforms) = preSolution
		Debug|Any CPU = Debug|Any CPU
		Release|Any CPU = Release|Any CPU
	EndGlobalSection
	GlobalSection(ProjectConfigurationPlatforms) = postSolution
		{DEF54D75-9C7D-44EC-99C6-F1239D875332}.Debug|Any CPU.ActiveCfg = Debug|Any CPU
		{DEF54D75-9C7D-44EC-99C6-F1239D875332}.Debug|Any CPU.Build.0 = Debug|Any CPU
		{DEF54D75-9C7D-44EC-99C6-F1239D875332}.Release|Any CPU.ActiveCfg = Release|Any CPU
		{DEF54D75-9C7D-44EC-99C6-F1239D875332}.Release|Any CPU.Build.0 = Release|Any CPU
	EndGlobalSection
	GlobalSection(SolutionProperties) = preSolution
		HideSolutionNode = FALSE
	EndGlobalSection
	GlobalSection(ExtensibilityGlobals) = postSolution
		SolutionGuid = {4126B3F5-1224-4351-8FBB-C25810BA4960}
	EndGlobalSection
EndGlobal
